
Microsoft Visual Studio Solution File, Format Version 12.00
# Visual Studio 15
VisualStudioVersion = 15.0.26730.3
MinimumVisualStudioVersion = 10.0.40219.1
Project("{FAE04EC0-301F-11D3-BF4B-00C04F79EFBC}") = "ConsoleApp1", "ConsoleApp1\ConsoleApp1.csproj", "{0B7F9B7E-13F0-43DD-91A8-4C636FBC4699}"
EndProject
Global
	GlobalSection(SolutionConfigurationPlatforms) = preSolution
		Debug|Any CPU = Debug|Any CPU
		Release|Any CPU = Release|Any CPU
	EndGlobalSection
	GlobalSection(ProjectConfigurationPlatforms) = postSolution
		{0B7F9B7E-13F0-43DD-91A8-4C636FBC4699}.Debug|Any CPU.ActiveCfg = Debug|Any CPU
		{0B7F9B7E-13F0-43DD-91A8-4C636FBC4699}.Debug|Any CPU.Build.0 = Debug|Any CPU
		{0B7F9B7E-13F0-43DD-91A8-4C636FBC4699}.Release|Any CPU.ActiveCfg = Release|Any CPU
		{0B7F9B7E-13F0-43DD-91A8-4C636FBC4699}.Release|Any CPU.Build.0 = Release|Any CPU
	EndGlobalSection
	GlobalSection(SolutionProperties) = preSolution
		HideSolutionNode = FALSE
	EndGlobalSection
	GlobalSection(ExtensibilityGlobals) = postSolution
		SolutionGuid = {49318809-57DD-4354-8E0D-6C75A556F87B}
	EndGlobalSection
EndGlobal
